
Microsoft Visual Studio Solution File, Format Version 12.00
# Visual Studio 15
VisualStudioVersion = 15.0.26124.0
MinimumVisualStudioVersion = 15.0.26124.0
Project("{FAE04EC0-301F-11D3-BF4B-00C04F79EFBC}") = "API", "API\API.csproj", "{3877CE20-AFEE-416E-BCD8-251C125BCF1D}"
EndProject
Project("{FAE04EC0-301F-11D3-BF4B-00C04F79EFBC}") = "core", "core\core.csproj", "{CBC35CAF-37DF-4E1B-B49A-A7E49B848BF7}"
EndProject
Project("{FAE04EC0-301F-11D3-BF4B-00C04F79EFBC}") = "Infrastructure", "Infrastructure\Infrastructure.csproj", "{BC1B2F13-FAB3-4F50-956E-F68F754E0A63}"
EndProject
Global
	GlobalSection(SolutionConfigurationPlatforms) = preSolution
		Debug|Any CPU = Debug|Any CPU
		Debug|x64 = Debug|x64
		Debug|x86 = Debug|x86
		Release|Any CPU = Release|Any CPU
		Release|x64 = Release|x64
		Release|x86 = Release|x86
	EndGlobalSection
	GlobalSection(SolutionProperties) = preSolution
		HideSolutionNode = FALSE
	EndGlobalSection
	GlobalSection(ProjectConfigurationPlatforms) = postSolution
		{3877CE20-AFEE-416E-BCD8-251C125BCF1D}.Debug|Any CPU.ActiveCfg = Debug|Any CPU
		{3877CE20-AFEE-416E-BCD8-251C125BCF1D}.Debug|Any CPU.Build.0 = Debug|Any CPU
		{3877CE20-AFEE-416E-BCD8-251C125BCF1D}.Debug|x64.ActiveCfg = Debug|Any CPU
		{3877CE20-AFEE-416E-BCD8-251C125BCF1D}.Debug|x64.Build.0 = Debug|Any CPU
		{3877CE20-AFEE-416E-BCD8-251C125BCF1D}.Debug|x86.ActiveCfg = Debug|Any CPU
		{3877CE20-AFEE-416E-BCD8-251C125BCF1D}.Debug|x86.Build.0 = Debug|Any CPU
		{3877CE20-AFEE-416E-BCD8-251C125BCF1D}.Release|Any CPU.ActiveCfg = Release|Any CPU
		{3877CE20-AFEE-416E-BCD8-251C125BCF1D}.Release|Any CPU.Build.0 = Release|Any CPU
		{3877CE20-AFEE-416E-BCD8-251C125BCF1D}.Release|x64.ActiveCfg = Release|Any CPU
		{3877CE20-AFEE-416E-BCD8-251C125BCF1D}.Release|x64.Build.0 = Release|Any CPU
		{3877CE20-AFEE-416E-BCD8-251C125BCF1D}.Release|x86.ActiveCfg = Release|Any CPU
		{3877CE20-AFEE-416E-BCD8-251C125BCF1D}.Release|x86.Build.0 = Release|Any CPU
		{CBC35CAF-37DF-4E1B-B49A-A7E49B848BF7}.Debug|Any CPU.ActiveCfg = Debug|Any CPU
		{CBC35CAF-37DF-4E1B-B49A-A7E49B848BF7}.Debug|Any CPU.Build.0 = Debug|Any CPU
		{CBC35CAF-37DF-4E1B-B49A-A7E49B848BF7}.Debug|x64.ActiveCfg = Debug|Any CPU
		{CBC35CAF-37DF-4E1B-B49A-A7E49B848BF7}.Debug|x64.Build.0 = Debug|Any CPU
		{CBC35CAF-37DF-4E1B-B49A-A7E49B848BF7}.Debug|x86.ActiveCfg = Debug|Any CPU
		{CBC35CAF-37DF-4E1B-B49A-A7E49B848BF7}.Debug|x86.Build.0 = Debug|Any CPU
		{CBC35CAF-37DF-4E1B-B49A-A7E49B848BF7}.Release|Any CPU.ActiveCfg = Release|Any CPU
		{CBC35CAF-37DF-4E1B-B49A-A7E49B848BF7}.Release|Any CPU.Build.0 = Release|Any CPU
		{CBC35CAF-37DF-4E1B-B49A-A7E49B848BF7}.Release|x64.ActiveCfg = Release|Any CPU
		{CBC35CAF-37DF-4E1B-B49A-A7E49B848BF7}.Release|x64.Build.0 = Release|Any CPU
		{CBC35CAF-37DF-4E1B-B49A-A7E49B848BF7}.Release|x86.ActiveCfg = Release|Any CPU
		{CBC35CAF-37DF-4E1B-B49A-A7E49B848BF7}.Release|x86.Build.0 = Release|Any CPU
		{BC1B2F13-FAB3-4F50-956E-F68F754E0A63}.Debug|Any CPU.ActiveCfg = Debug|Any CPU
		{BC1B2F13-FAB3-4F50-956E-F68F754E0A63}.Debug|Any CPU.Build.0 = Debug|Any CPU
		{BC1B2F13-FAB3-4F50-956E-F68F754E0A63}.Debug|x64.ActiveCfg = Debug|Any CPU
		{BC1B2F13-FAB3-4F50-956E-F68F754E0A63}.Debug|x64.Build.0 = Debug|Any CPU
		{BC1B2F13-FAB3-4F50-956E-F68F754E0A63}.Debug|x86.ActiveCfg = Debug|Any CPU
		{BC1B2F13-FAB3-4F50-956E-F68F754E0A63}.Debug|x86.Build.0 = Debug|Any CPU
		{BC1B2F13-FAB3-4F50-956E-F68F754E0A63}.Release|Any CPU.ActiveCfg = Release|Any CPU
		{BC1B2F13-FAB3-4F50-956E-F68F754E0A63}.Release|Any CPU.Build.0 = Release|Any CPU
		{BC1B2F13-FAB3-4F50-956E-F68F754E0A63}.Release|x64.ActiveCfg = Release|Any CPU
		{BC1B2F13-FAB3-4F50-956E-F68F754E0A63}.Release|x64.Build.0 = Release|Any CPU
		{BC1B2F13-FAB3-4F50-956E-F68F754E0A63}.Release|x86.ActiveCfg = Release|Any CPU
		{BC1B2F13-FAB3-4F50-956E-F68F754E0A63}.Release|x86.Build.0 = Release|Any CPU
	EndGlobalSection
EndGlobal
